
Microsoft Visual Studio Solution File, Format Version 12.00
# Visual Studio Version 17
VisualStudioVersion = 17.8.34408.163
MinimumVisualStudioVersion = 10.0.40219.1
Project("{FAE04EC0-301F-11D3-BF4B-00C04F79EFBC}") = "CSLab4", "CSLab4\CSLab4.csproj", "{8C7235FD-EB2A-4D56-9AE8-867CC7C8E4FE}"
EndProject
Global
	GlobalSection(SolutionConfigurationPlatforms) = preSolution
		Debug|Any CPU = Debug|Any CPU
		Release|Any CPU = Release|Any CPU
	EndGlobalSection
	GlobalSection(ProjectConfigurationPlatforms) = postSolution
		{8C7235FD-EB2A-4D56-9AE8-867CC7C8E4FE}.Debug|Any CPU.ActiveCfg = Debug|Any CPU
		{8C7235FD-EB2A-4D56-9AE8-867CC7C8E4FE}.Debug|Any CPU.Build.0 = Debug|Any CPU
		{8C7235FD-EB2A-4D56-9AE8-867CC7C8E4FE}.Release|Any CPU.ActiveCfg = Release|Any CPU
		{8C7235FD-EB2A-4D56-9AE8-867CC7C8E4FE}.Release|Any CPU.Build.0 = Release|Any CPU
	EndGlobalSection
	GlobalSection(SolutionProperties) = preSolution
		HideSolutionNode = FALSE
	EndGlobalSection
	GlobalSection(ExtensibilityGlobals) = postSolution
		SolutionGuid = {A7EA2E0C-3CF8-4E2A-BCF2-5F20668911A9}
	EndGlobalSection
EndGlobal
